PODS:
  - UIViewController-KeyboardAdditions (1.2.2)

DEPENDENCIES:
  - UIViewController-KeyboardAdditions (from `../`)

EXTERNAL SOURCES:
  UIViewController-KeyboardAdditions:
    :path: "../"

SPEC CHECKSUMS:
  UIViewController-KeyboardAdditions: 51ee7b1c35d680799b059af06cf775a5e58997d1

PODFILE CHECKSUM: a9e2190d4426d3876de9735f8baabbd15fe158f3

COCOAPODS: 1.9.3
